
Microsoft Visual Studio Solution File, Format Version 12.00
# Visual Studio Version 17
VisualStudioVersion = 17.10.34928.147
MinimumVisualStudioVersion = 10.0.40219.1
Project("{FAE04EC0-301F-11D3-BF4B-00C04F79EFBC}") = "flipkartproject", "flipkartproject.csproj", "{AFDD6D87-13C1-4812-AD63-000FB4BF10B5}"
EndProject
Global
	GlobalSection(SolutionConfigurationPlatforms) = preSolution
		Debug|Any CPU = Debug|Any CPU
		Release|Any CPU = Release|Any CPU
	EndGlobalSection
	GlobalSection(ProjectConfigurationPlatforms) = postSolution
		{AFDD6D87-13C1-4812-AD63-000FB4BF10B5}.Debug|Any CPU.ActiveCfg = Debug|Any CPU
		{AFDD6D87-13C1-4812-AD63-000FB4BF10B5}.Debug|Any CPU.Build.0 = Debug|Any CPU
		{AFDD6D87-13C1-4812-AD63-000FB4BF10B5}.Release|Any CPU.ActiveCfg = Release|Any CPU
		{AFDD6D87-13C1-4812-AD63-000FB4BF10B5}.Release|Any CPU.Build.0 = Release|Any CPU
	EndGlobalSection
	GlobalSection(SolutionProperties) = preSolution
		HideSolutionNode = FALSE
	EndGlobalSection
	GlobalSection(ExtensibilityGlobals) = postSolution
		SolutionGuid = {E7D623B8-F9D3-4F10-A1D8-02BA51A549DC}
	EndGlobalSection
EndGlobal
